// !$*UTF8*$!
{
	archiveVersion = 1;
	classes = {
	};
	objectVersion = 56;
	objects = {

/* Begin PBXBuildFile section */
		563664EF2C41926000A66403 /* AppSwiftUICroppedScanningApp.swift in Sources */ = {isa = PBXBuildFile; fileRef = 563664EE2C41926000A66403 /* AppSwiftUICroppedScanningApp.swift */; };
		563664F12C41926000A66403 /* ContentView.swift in Sources */ = {isa = PBXBuildFile; fileRef = 563664F02C41926000A66403 /* ContentView.swift */; };
		563664F32C41926400A66403 /* Assets.xcassets in Resources */ = {isa = PBXBuildFile; fileRef = 563664F22C41926400A66403 /* Assets.xcassets */; };
		563664F62C41926400A66403 /* Preview Assets.xcassets in Resources */ = {isa = PBXBuildFile; fileRef = 563664F52C41926400A66403 /* Preview Assets.xcassets */; };
		563665002C41926500A66403 /* AppSwiftUICroppedScanningTests.swift in Sources */ = {isa = PBXBuildFile; fileRef = 563664FF2C41926500A66403 /* AppSwiftUICroppedScanningTests.swift */; };
		5636650A2C41926500A66403 /* AppSwiftUICroppedScanningUITests.swift in Sources */ = {isa = PBXBuildFile; fileRef = 563665092C41926500A66403 /* AppSwiftUICroppedScanningUITests.swift */; };
		5636650C2C41926500A66403 /* AppSwiftUICroppedScanningUITestsLaunchTests.swift in Sources */ = {isa = PBXBuildFile; fileRef = 5636650B2C41926500A66403 /* AppSwiftUICroppedScanningUITestsLaunchTests.swift */; };
/* End PBXBuildFile section */

/* Begin PBXContainerItemProxy section */
		563664FC2C41926500A66403 /* PBXContainerItemProxy */ = {
			isa = PBXContainerItemProxy;
			containerPortal = 563664E32C41926000A66403 /* Project object */;
			proxyType = 1;
			remoteGlobalIDString = 563664EA2C41926000A66403;
			remoteInfo = AppSwiftUICroppedScanning;
		};
		563665062C41926500A66403 /* PBXContainerItemProxy */ = {
			isa = PBXContainerItemProxy;
			containerPortal = 563664E32C41926000A66403 /* Project object */;
			proxyType = 1;
			remoteGlobalIDString = 563664EA2C41926000A66403;
			remoteInfo = AppSwiftUICroppedScanning;
		};
/* End PBXContainerItemProxy section */

/* Begin PBXFileReference section */
		563664EB2C41926000A66403 /* AppSwiftUICroppedScanning.app */ = {isa = PBXFileReference; explicitFileType = wrapper.application; includeInIndex = 0; path = AppSwiftUICroppedScanning.app; sourceTree = BUILT_PRODUCTS_DIR; };
		563664EE2C41926000A66403 /* AppSwiftUICroppedScanningApp.swift */ = {isa = PBXFileReference; lastKnownFileType = sourcecode.swift; path = AppSwiftUICroppedScanningApp.swift; sourceTree = "<group>"; };
		563664F02C41926000A66403 /* ContentView.swift */ = {isa = PBXFileReference; lastKnownFileType = sourcecode.swift; path = ContentView.swift; sourceTree = "<group>"; };
		563664F22C41926400A66403 /* Assets.xcassets */ = {isa = PBXFileReference; lastKnownFileType = folder.assetcatalog; path = Assets.xcassets; sourceTree = "<group>"; };
		563664F52C41926400A66403 /* Preview Assets.xcassets */ = {isa = PBXFileReference; lastKnownFileType = folder.assetcatalog; path = "Preview Assets.xcassets"; sourceTree = "<group>"; };
		563664FB2C41926500A66403 /* AppSwiftUICroppedScanningTests.xctest */ = {isa = PBXFileReference; explicitFileType = wrapper.cfbundle; includeInIndex = 0; path = AppSwiftUICroppedScanningTests.xctest; sourceTree = BUILT_PRODUCTS_DIR; };
		563664FF2C41926500A66403 /* AppSwiftUICroppedScanningTests.swift */ = {isa = PBXFileReference; lastKnownFileType = sourcecode.swift; path = AppSwiftUICroppedScanningTests.swift; sourceTree = "<group>"; };
		563665052C41926500A66403 /* AppSwiftUICroppedScanningUITests.xctest */ = {isa = PBXFileReference; explicitFileType = wrapper.cfbundle; includeInIndex = 0; path = AppSwiftUICroppedScanningUITests.xctest; sourceTree = BUILT_PRODUCTS_DIR; };
		563665092C41926500A66403 /* AppSwiftUICroppedScanningUITests.swift */ = {isa = PBXFileReference; lastKnownFileType = sourcecode.swift; path = AppSwiftUICroppedScanningUITests.swift; sourceTree = "<group>"; };
		5636650B2C41926500A66403 /* AppSwiftUICroppedScanningUITestsLaunchTests.swift */ = {isa = PBXFileReference; lastKnownFileType = sourcecode.swift; path = AppSwiftUICroppedScanningUITestsLaunchTests.swift; sourceTree = "<group>"; };
/* End PBXFileReference section */

/* Begin PBXFrameworksBuildPhase section */
		563664E82C41926000A66403 /* Frameworks */ = {
			isa = PBXFrameworksBuildPhase;
			buildActionMask = 2147483647;
			files = (
			);
			runOnlyForDeploymentPostprocessing = 0;
		};
		563664F82C41926500A66403 /* Frameworks */ = {
			isa = PBXFrameworksBuildPhase;
			buildActionMask = 2147483647;
			files = (
			);
			runOnlyForDeploymentPostprocessing = 0;
		};
		563665022C41926500A66403 /* Frameworks */ = {
			isa = PBXFrameworksBuildPhase;
			buildActionMask = 2147483647;
			files = (
			);
			runOnlyForDeploymentPostprocessing = 0;
		};
/* End PBXFrameworksBuildPhase section */

/* Begin PBXGroup section */
		563664E22C41926000A66403 = {
			isa = PBXGroup;
			children = (
				563664ED2C41926000A66403 /* AppSwiftUICroppedScanning */,
				563664FE2C41926500A66403 /* AppSwiftUICroppedScanningTests */,
				563665082C41926500A66403 /* AppSwiftUICroppedScanningUITests */,
				563664EC2C41926000A66403 /* Products */,
			);
			sourceTree = "<group>";
		};
		563664EC2C41926000A66403 /* Products */ = {
			isa = PBXGroup;
			children = (
				563664EB2C41926000A66403 /* AppSwiftUICroppedScanning.app */,
				563664FB2C41926500A66403 /* AppSwiftUICroppedScanningTests.xctest */,
				563665052C41926500A66403 /* AppSwiftUICroppedScanningUITests.xctest */,
			);
			name = Products;
			sourceTree = "<group>";
		};
		563664ED2C41926000A66403 /* AppSwiftUICroppedScanning */ = {
			isa = PBXGroup;
			children = (
				563664EE2C41926000A66403 /* AppSwiftUICroppedScanningApp.swift */,
				563664F02C41926000A66403 /* ContentView.swift */,
				563664F22C41926400A66403 /* Assets.xcassets */,
				563664F42C41926400A66403 /* Preview Content */,
			);
			path = AppSwiftUICroppedScanning;
			sourceTree = "<group>";
		};
		563664F42C41926400A66403 /* Preview Content */ = {
			isa = PBXGroup;
			children = (
				563664F52C41926400A66403 /* Preview Assets.xcassets */,
			);
			path = "Preview Content";
			sourceTree = "<group>";
		};
		563664FE2C41926500A66403 /* AppSwiftUICroppedScanningTests */ = {
			isa = PBXGroup;
			children = (
				563664FF2C41926500A66403 /* AppSwiftUICroppedScanningTests.swift */,
			);
			path = AppSwiftUICroppedScanningTests;
			sourceTree = "<group>";
		};
		563665082C41926500A66403 /* AppSwiftUICroppedScanningUITests */ = {
			isa = PBXGroup;
			children = (
				563665092C41926500A66403 /* AppSwiftUICroppedScanningUITests.swift */,
				5636650B2C41926500A66403 /* AppSwiftUICroppedScanningUITestsLaunchTests.swift */,
			);
			path = AppSwiftUICroppedScanningUITests;
			sourceTree = "<group>";
		};
/* End PBXGroup section */

/* Begin PBXNativeTarget section */
		563664EA2C41926000A66403 /* AppSwiftUICroppedScanning */ = {
			isa = PBXNativeTarget;
			buildConfigurationList = 5636650F2C41926500A66403 /* Build configuration list for PBXNativeTarget "AppSwiftUICroppedScanning" */;
			buildPhases = (
				563664E72C41926000A66403 /* Sources */,
				563664E82C41926000A66403 /* Frameworks */,
				563664E92C41926000A66403 /* Resources */,
			);
			buildRules = (
			);
			dependencies = (
			);
			name = AppSwiftUICroppedScanning;
			productName = AppSwiftUICroppedScanning;
			productReference = 563664EB2C41926000A66403 /* AppSwiftUICroppedScanning.app */;
			productType = "com.apple.product-type.application";
		};
		563664FA2C41926500A66403 /* AppSwiftUICroppedScanningTests */ = {
			isa = PBXNativeTarget;
			buildConfigurationList = 563665122C41926500A66403 /* Build configuration list for PBXNativeTarget "AppSwiftUICroppedScanningTests" */;
			buildPhases = (
				563664F72C41926500A66403 /* Sources */,
				563664F82C41926500A66403 /* Frameworks */,
				563664F92C41926500A66403 /* Resources */,
			);
			buildRules = (
			);
			dependencies = (
				563664FD2C41926500A66403 /* PBXTargetDependency */,
			);
			name = AppSwiftUICroppedScanningTests;
			productName = AppSwiftUICroppedScanningTests;
			productReference = 563664FB2C41926500A66403 /* AppSwiftUICroppedScanningTests.xctest */;
			productType = "com.apple.product-type.bundle.unit-test";
		};
		563665042C41926500A66403 /* AppSwiftUICroppedScanningUITests */ = {
			isa = PBXNativeTarget;
			buildConfigurationList = 563665152C41926500A66403 /* Build configuration list for PBXNativeTarget "AppSwiftUICroppedScanningUITests" */;
			buildPhases = (
				563665012C41926500A66403 /* Sources */,
				563665022C41926500A66403 /* Frameworks */,
				563665032C41926500A66403 /* Resources */,
			);
			buildRules = (
			);
			dependencies = (
				563665072C41926500A66403 /* PBXTargetDependency */,
			);
			name = AppSwiftUICroppedScanningUITests;
			productName = AppSwiftUICroppedScanningUITests;
			productReference = 563665052C41926500A66403 /* AppSwiftUICroppedScanningUITests.xctest */;
			productType = "com.apple.product-type.bundle.ui-testing";
		};
/* End PBXNativeTarget section */

/* Begin PBXProject section */
		563664E32C41926000A66403 /* Project object */ = {
			isa = PBXProject;
			attributes = {
				BuildIndependentTargetsInParallel = 1;
				LastSwiftUpdateCheck = 1520;
				LastUpgradeCheck = 1520;
				TargetAttributes = {
					563664EA2C41926000A66403 = {
						CreatedOnToolsVersion = 15.2;
					};
					563664FA2C41926500A66403 = {
						CreatedOnToolsVersion = 15.2;
						TestTargetID = 563664EA2C41926000A66403;
					};
					563665042C41926500A66403 = {
						CreatedOnToolsVersion = 15.2;
						TestTargetID = 563664EA2C41926000A66403;
					};
				};
			};
			buildConfigurationList = 563664E62C41926000A66403 /* Build configuration list for PBXProject "AppSwiftUICroppedScanning" */;
			compatibilityVersion = "Xcode 14.0";
			developmentRegion = en;
			hasScannedForEncodings = 0;
			knownRegions = (
				en,
				Base,
			);
			mainGroup = 563664E22C41926000A66403;
			productRefGroup = 563664EC2C41926000A66403 /* Products */;
			projectDirPath = "";
			projectRoot = "";
			targets = (
				563664EA2C41926000A66403 /* AppSwiftUICroppedScanning */,
				563664FA2C41926500A66403 /* AppSwiftUICroppedScanningTests */,
				563665042C41926500A66403 /* AppSwiftUICroppedScanningUITests */,
			);
		};
/* End PBXProject section */

/* Begin PBXResourcesBuildPhase section */
		563664E92C41926000A66403 /* Resources */ = {
			isa = PBXResourcesBuildPhase;
			buildActionMask = 2147483647;
			files = (
				563664F62C41926400A66403 /* Preview Assets.xcassets in Resources */,
				563664F32C41926400A66403 /* Assets.xcassets in Resources */,
			);
			runOnlyForDeploymentPostprocessing = 0;
		};
		563664F92C41926500A66403 /* Resources */ = {
			isa = PBXResourcesBuildPhase;
			buildActionMask = 2147483647;
			files = (
			);
			runOnlyForDeploymentPostprocessing = 0;
		};
		563665032C41926500A66403 /* Resources */ = {
			isa = PBXResourcesBuildPhase;
			buildActionMask = 2147483647;
			files = (
			);
			runOnlyForDeploymentPostprocessing = 0;
		};
/* End PBXResourcesBuildPhase section */

/* Begin PBXSourcesBuildPhase section */
		563664E72C41926000A66403 /* Sources */ = {
			isa = PBXSourcesBuildPhase;
			buildActionMask = 2147483647;
			files = (
				563664F12C41926000A66403 /* ContentView.swift in Sources */,
				563664EF2C41926000A66403 /* AppSwiftUICroppedScanningApp.swift in Sources */,
			);
			runOnlyForDeploymentPostprocessing = 0;
		};
		563664F72C41926500A66403 /* Sources */ = {
			isa = PBXSourcesBuildPhase;
			buildActionMask = 2147483647;
			files = (
				563665002C41926500A66403 /* AppSwiftUICroppedScanningTests.swift in Sources */,
			);
			runOnlyForDeploymentPostprocessing = 0;
		};
		563665012C41926500A66403 /* Sources */ = {
			isa = PBXSourcesBuildPhase;
			buildActionMask = 2147483647;
			files = (
				5636650A2C41926500A66403 /* AppSwiftUICroppedScanningUITests.swift in Sources */,
				5636650C2C41926500A66403 /* AppSwiftUICroppedScanningUITestsLaunchTests.swift in Sources */,
			);
			runOnlyForDeploymentPostprocessing = 0;
		};
/* End PBXSourcesBuildPhase section */

/* Begin PBXTargetDependency section */
		563664FD2C41926500A66403 /* PBXTargetDependency */ = {
			isa = PBXTargetDependency;
			target = 563664EA2C41926000A66403 /* AppSwiftUICroppedScanning */;
			targetProxy = 563664FC2C41926500A66403 /* PBXContainerItemProxy */;
		};
		563665072C41926500A66403 /* PBXTargetDependency */ = {
			isa = PBXTargetDependency;
			target = 563664EA2C41926000A66403 /* AppSwiftUICroppedScanning */;
			targetProxy = 563665062C41926500A66403 /* PBXContainerItemProxy */;
		};
/* End PBXTargetDependency section */

/* Begin XCBuildConfiguration section */
		5636650D2C41926500A66403 /* Debug */ = {
			isa = XCBuildConfiguration;
			buildSettings = {
				ALWAYS_SEARCH_USER_PATHS = NO;
				ASSETCATALOG_COMPILER_GENERATE_SWIFT_ASSET_SYMBOL_EXTENSIONS = YES;
				CLANG_ANALYZER_NONNULL = YES;
				CLANG_ANALYZER_NUMBER_OBJECT_CONVERSION = YES_AGGRESSIVE;
				CLANG_CXX_LANGUAGE_STANDARD = "gnu++20";
				CLANG_ENABLE_MODULES = YES;
				CLANG_ENABLE_OBJC_ARC = YES;
				CLANG_ENABLE_OBJC_WEAK = YES;
				CLANG_WARN_BLOCK_CAPTURE_AUTORELEASING = YES;
				CLANG_WARN_BOOL_CONVERSION = YES;
				CLANG_WARN_COMMA = YES;
				CLANG_WARN_CONSTANT_CONVERSION = YES;
				CLANG_WARN_DEPRECATED_OBJC_IMPLEMENTATIONS = YES;
				CLANG_WARN_DIRECT_OBJC_ISA_USAGE = YES_ERROR;
				CLANG_WARN_DOCUMENTATION_COMMENTS = YES;
				CLANG_WARN_EMPTY_BODY = YES;
				CLANG_WARN_ENUM_CONVERSION = YES;
				CLANG_WARN_INFINITE_RECURSION = YES;
				CLANG_WARN_INT_CONVERSION = YES;
				CLANG_WARN_NON_LITERAL_NULL_CONVERSION = YES;
				CLANG_WARN_OBJC_IMPLICIT_RETAIN_SELF = YES;
				CLANG_WARN_OBJC_LITERAL_CONVERSION = YES;
				CLANG_WARN_OBJC_ROOT_CLASS = YES_ERROR;
				CLANG_WARN_QUOTED_INCLUDE_IN_FRAMEWORK_HEADER = YES;
				CLANG_WARN_RANGE_LOOP_ANALYSIS = YES;
				CLANG_WARN_STRICT_PROTOTYPES = YES;
				CLANG_WARN_SUSPICIOUS_MOVE = YES;
				CLANG_WARN_UNGUARDED_AVAILABILITY = YES_AGGRESSIVE;
				CLANG_WARN_UNREACHABLE_CODE = YES;
				CLANG_WARN__DUPLICATE_METHOD_MATCH = YES;
				COPY_PHASE_STRIP = NO;
				DEBUG_INFORMATION_FORMAT = dwarf;
				ENABLE_STRICT_OBJC_MSGSEND = YES;
				ENABLE_TESTABILITY = YES;
				ENABLE_USER_SCRIPT_SANDBOXING = YES;
				GCC_C_LANGUAGE_STANDARD = gnu17;
				GCC_DYNAMIC_NO_PIC = NO;
				GCC_NO_COMMON_BLOCKS = YES;
				GCC_OPTIMIZATION_LEVEL = 0;
				GCC_PREPROCESSOR_DEFINITIONS = (
					"DEBUG=1",
					"$(inherited)",
				);
				GCC_WARN_64_TO_32_BIT_CONVERSION = YES;
				GCC_WARN_ABOUT_RETURN_TYPE = YES_ERROR;
				GCC_WARN_UNDECLARED_SELECTOR = YES;
				GCC_WARN_UNINITIALIZED_AUTOS = YES_AGGRESSIVE;
				GCC_WARN_UNUSED_FUNCTION = YES;
				GCC_WARN_UNUSED_VARIABLE = YES;
				IPHONEOS_DEPLOYMENT_TARGET = 17.2;
				LOCALIZATION_PREFERS_STRING_CATALOGS = YES;
				MTL_ENABLE_DEBUG_INFO = INCLUDE_SOURCE;
				MTL_FAST_MATH = YES;
				ONLY_ACTIVE_ARCH = YES;
				SDKROOT = iphoneos;
				SWIFT_ACTIVE_COMPILATION_CONDITIONS = "DEBUG $(inherited)";
				SWIFT_OPTIMIZATION_LEVEL = "-Onone";
			};
			name = Debug;
		};
		5636650E2C41926500A66403 /* Release */ = {
			isa = XCBuildConfiguration;
			buildSettings = {
				ALWAYS_SEARCH_USER_PATHS = NO;
				ASSETCATALOG_COMPILER_GENERATE_SWIFT_ASSET_SYMBOL_EXTENSIONS = YES;
				CLANG_ANALYZER_NONNULL = YES;
				CLANG_ANALYZER_NUMBER_OBJECT_CONVERSION = YES_AGGRESSIVE;
				CLANG_CXX_LANGUAGE_STANDARD = "gnu++20";
				CLANG_ENABLE_MODULES = YES;
				CLANG_ENABLE_OBJC_ARC = YES;
				CLANG_ENABLE_OBJC_WEAK = YES;
				CLANG_WARN_BLOCK_CAPTURE_AUTORELEASING = YES;
				CLANG_WARN_BOOL_CONVERSION = YES;
				CLANG_WARN_COMMA = YES;
				CLANG_WARN_CONSTANT_CONVERSION = YES;
				CLANG_WARN_DEPRECATED_OBJC_IMPLEMENTATIONS = YES;
				CLANG_WARN_DIRECT_OBJC_ISA_USAGE = YES_ERROR;
				CLANG_WARN_DOCUMENTATION_COMMENTS = YES;
				CLANG_WARN_EMPTY_BODY = YES;
				CLANG_WARN_ENUM_CONVERSION = YES;
				CLANG_WARN_INFINITE_RECURSION = YES;
				CLANG_WARN_INT_CONVERSION = YES;
				CLANG_WARN_NON_LITERAL_NULL_CONVERSION = YES;
				CLANG_WARN_OBJC_IMPLICIT_RETAIN_SELF = YES;
				CLANG_WARN_OBJC_LITERAL_CONVERSION = YES;
				CLANG_WARN_OBJC_ROOT_CLASS = YES_ERROR;
				CLANG_WARN_QUOTED_INCLUDE_IN_FRAMEWORK_HEADER = YES;
				CLANG_WARN_RANGE_LOOP_ANALYSIS = YES;
				CLANG_WARN_STRICT_PROTOTYPES = YES;
				CLANG_WARN_SUSPICIOUS_MOVE = YES;
				CLANG_WARN_UNGUARDED_AVAILABILITY = YES_AGGRESSIVE;
				CLANG_WARN_UNREACHABLE_CODE = YES;
				CLANG_WARN__DUPLICATE_METHOD_MATCH = YES;
				COPY_PHASE_STRIP = NO;
				DEBUG_INFORMATION_FORMAT = "dwarf-with-dsym";
				ENABLE_NS_ASSERTIONS = NO;
				ENABLE_STRICT_OBJC_MSGSEND = YES;
				ENABLE_USER_SCRIPT_SANDBOXING = YES;
				GCC_C_LANGUAGE_STANDARD = gnu17;
				GCC_NO_COMMON_BLOCKS = YES;
				GCC_WARN_64_TO_32_BIT_CONVERSION = YES;
				GCC_WARN_ABOUT_RETURN_TYPE = YES_ERROR;
				GCC_WARN_UNDECLARED_SELECTOR = YES;
				GCC_WARN_UNINITIALIZED_AUTOS = YES_AGGRESSIVE;
				GCC_WARN_UNUSED_FUNCTION = YES;
				GCC_WARN_UNUSED_VARIABLE = YES;
				IPHONEOS_DEPLOYMENT_TARGET = 17.2;
				LOCALIZATION_PREFERS_STRING_CATALOGS = YES;
				MTL_ENABLE_DEBUG_INFO = NO;
				MTL_FAST_MATH = YES;
				SDKROOT = iphoneos;
				SWIFT_COMPILATION_MODE = wholemodule;
				VALIDATE_PRODUCT = YES;
			};
			name = Release;
		};
		563665102C41926500A66403 /* Debug */ = {
			isa = XCBuildConfiguration;
			buildSettings = {
				ASSETCATALOG_COMPILER_APPICON_NAME = AppIcon;
				ASSETCATALOG_COMPILER_GLOBAL_ACCENT_COLOR_NAME = AccentColor;
				CODE_SIGN_STYLE = Automatic;
				CURRENT_PROJECT_VERSION = 1;
				DEVELOPMENT_ASSET_PATHS = "\"AppSwiftUICroppedScanning/Preview Content\"";
				DEVELOPMENT_TEAM = F6KDBC2B2W;
				ENABLE_PREVIEWS = YES;
				GENERATE_INFOPLIST_FILE = YES;
				INFOPLIST_KEY_UIApplicationSceneManifest_Generation = YES;
				INFOPLIST_KEY_UIApplicationSupportsIndirectInputEvents = YES;
				INFOPLIST_KEY_UILaunchScreen_Generation = YES;
				INFOPLIST_KEY_UISupportedInterfaceOrientations_iPad = "UIInterfaceOrientationPortrait UIInterfaceOrientationPortraitUpsideDown UIInterfaceOrientationLandscapeLeft UIInterfaceOrientationLandscapeRight";
				INFOPLIST_KEY_UISupportedInterfaceOrientations_iPhone = "UIInterfaceOrientationPortrait UIInterfaceOrientationLandscapeLeft UIInterfaceOrientationLandscapeRight";
				LD_RUNPATH_SEARCH_PATHS = (
					"$(inherited)",
					"@executable_path/Frameworks",
				);
				MARKETING_VERSION = 1.0;
				PRODUCT_BUNDLE_IDENTIFIER = com.uzupis.AppSwiftUICroppedScanning.AppSwiftUICroppedScanning;
				PRODUCT_NAME = "$(TARGET_NAME)";
				SWIFT_EMIT_LOC_STRINGS = YES;
				SWIFT_VERSION = 5.0;
				TARGETED_DEVICE_FAMILY = "1,2";
			};
			name = Debug;
		};
		563665112C41926500A66403 /* Release */ = {
			isa = XCBuildConfiguration;
			buildSettings = {
				ASSETCATALOG_COMPILER_APPICON_NAME = AppIcon;
				ASSETCATALOG_COMPILER_GLOBAL_ACCENT_COLOR_NAME = AccentColor;
				CODE_SIGN_STYLE = Automatic;
				CURRENT_PROJECT_VERSION = 1;
				DEVELOPMENT_ASSET_PATHS = "\"AppSwiftUICroppedScanning/Preview Content\"";
				DEVELOPMENT_TEAM = F6KDBC2B2W;
				ENABLE_PREVIEWS = YES;
				GENERATE_INFOPLIST_FILE = YES;
				INFOPLIST_KEY_UIApplicationSceneManifest_Generation = YES;
				INFOPLIST_KEY_UIApplicationSupportsIndirectInputEvents = YES;
				INFOPLIST_KEY_UILaunchScreen_Generation = YES;
				INFOPLIST_KEY_UISupportedInterfaceOrientations_iPad = "UIInterfaceOrientationPortrait UIInterfaceOrientationPortraitUpsideDown UIInterfaceOrientationLandscapeLeft UIInterfaceOrientationLandscapeRight";
				INFOPLIST_KEY_UISupportedInterfaceOrientations_iPhone = "UIInterfaceOrientationPortrait UIInterfaceOrientationLandscapeLeft UIInterfaceOrientationLandscapeRight";
				LD_RUNPATH_SEARCH_PATHS = (
					"$(inherited)",
					"@executable_path/Frameworks",
				);
				MARKETING_VERSION = 1.0;
				PRODUCT_BUNDLE_IDENTIFIER = com.uzupis.AppSwiftUICroppedScanning.AppSwiftUICroppedScanning;
				PRODUCT_NAME = "$(TARGET_NAME)";
				SWIFT_EMIT_LOC_STRINGS = YES;
				SWIFT_VERSION = 5.0;
				TARGETED_DEVICE_FAMILY = "1,2";
			};
			name = Release;
		};
		563665132C41926500A66403 /* Debug */ = {
			isa = XCBuildConfiguration;
			buildSettings = {
				ALWAYS_EMBED_SWIFT_STANDARD_LIBRARIES = YES;
				BUNDLE_LOADER = "$(TEST_HOST)";
				CODE_SIGN_STYLE = Automatic;
				CURRENT_PROJECT_VERSION = 1;
				DEVELOPMENT_TEAM = F6KDBC2B2W;
				GENERATE_INFOPLIST_FILE = YES;
				IPHONEOS_DEPLOYMENT_TARGET = 17.2;
				MARKETING_VERSION = 1.0;
				PRODUCT_BUNDLE_IDENTIFIER = com.uzupis.AppSwiftUICroppedScanning.AppSwiftUICroppedScanningTests;
				PRODUCT_NAME = "$(TARGET_NAME)";
				SWIFT_EMIT_LOC_STRINGS = NO;
				SWIFT_VERSION = 5.0;
				TARGETED_DEVICE_FAMILY = "1,2";
				TEST_HOST = "$(BUILT_PRODUCTS_DIR)/AppSwiftUICroppedScanning.app/$(BUNDLE_EXECUTABLE_FOLDER_PATH)/AppSwiftUICroppedScanning";
			};
			name = Debug;
		};
		563665142C41926500A66403 /* Release */ = {
			isa = XCBuildConfiguration;
			buildSettings = {
				ALWAYS_EMBED_SWIFT_STANDARD_LIBRARIES = YES;
				BUNDLE_LOADER = "$(TEST_HOST)";
				CODE_SIGN_STYLE = Automatic;
				CURRENT_PROJECT_VERSION = 1;
				DEVELOPMENT_TEAM = F6KDBC2B2W;
				GENERATE_INFOPLIST_FILE = YES;
				IPHONEOS_DEPLOYMENT_TARGET = 17.2;
				MARKETING_VERSION = 1.0;
				PRODUCT_BUNDLE_IDENTIFIER = com.uzupis.AppSwiftUICroppedScanning.AppSwiftUICroppedScanningTests;
				PRODUCT_NAME = "$(TARGET_NAME)";
				SWIFT_EMIT_LOC_STRINGS = NO;
				SWIFT_VERSION = 5.0;
				TARGETED_DEVICE_FAMILY = "1,2";
				TEST_HOST = "$(BUILT_PRODUCTS_DIR)/AppSwiftUICroppedScanning.app/$(BUNDLE_EXECUTABLE_FOLDER_PATH)/AppSwiftUICroppedScanning";
			};
			name = Release;
		};
		563665162C41926500A66403 /* Debug */ = {
			isa = XCBuildConfiguration;
			buildSettings = {
				ALWAYS_EMBED_SWIFT_STANDARD_LIBRARIES = YES;
				CODE_SIGN_STYLE = Automatic;
				CURRENT_PROJECT_VERSION = 1;
				DEVELOPMENT_TEAM = F6KDBC2B2W;
				GENERATE_INFOPLIST_FILE = YES;
				MARKETING_VERSION = 1.0;
				PRODUCT_BUNDLE_IDENTIFIER = com.uzupis.AppSwiftUICroppedScanning.AppSwiftUICroppedScanningUITests;
				PRODUCT_NAME = "$(TARGET_NAME)";
				SWIFT_EMIT_LOC_STRINGS = NO;
				SWIFT_VERSION = 5.0;
				TARGETED_DEVICE_FAMILY = "1,2";
				TEST_TARGET_NAME = AppSwiftUICroppedScanning;
			};
			name = Debug;
		};
		563665172C41926500A66403 /* Release */ = {
			isa = XCBuildConfiguration;
			buildSettings = {
				ALWAYS_EMBED_SWIFT_STANDARD_LIBRARIES = YES;
				CODE_SIGN_STYLE = Automatic;
				CURRENT_PROJECT_VERSION = 1;
				DEVELOPMENT_TEAM = F6KDBC2B2W;
				GENERATE_INFOPLIST_FILE = YES;
				MARKETING_VERSION = 1.0;
				PRODUCT_BUNDLE_IDENTIFIER = com.uzupis.AppSwiftUICroppedScanning.AppSwiftUICroppedScanningUITests;
				PRODUCT_NAME = "$(TARGET_NAME)";
				SWIFT_EMIT_LOC_STRINGS = NO;
				SWIFT_VERSION = 5.0;
				TARGETED_DEVICE_FAMILY = "1,2";
				TEST_TARGET_NAME = AppSwiftUICroppedScanning;
			};
			name = Release;
		};
/* End XCBuildConfiguration section */

/* Begin XCConfigurationList section */
		563664E62C41926000A66403 /* Build configuration list for PBXProject "AppSwiftUICroppedScanning" */ = {
			isa = XCConfigurationList;
			buildConfigurations = (
				5636650D2C41926500A66403 /* Debug */,
				5636650E2C41926500A66403 /* Release */,
			);
			defaultConfigurationIsVisible = 0;
			defaultConfigurationName = Release;
		};
		5636650F2C41926500A66403 /* Build configuration list for PBXNativeTarget "AppSwiftUICroppedScanning" */ = {
			isa = XCConfigurationList;
			buildConfigurations = (
				563665102C41926500A66403 /* Debug */,
				563665112C41926500A66403 /* Release */,
			);
			defaultConfigurationIsVisible = 0;
			defaultConfigurationName = Release;
		};
		563665122C41926500A66403 /* Build configuration list for PBXNativeTarget "AppSwiftUICroppedScanningTests" */ = {
			isa = XCConfigurationList;
			buildConfigurations = (
				563665132C41926500A66403 /* Debug */,
				563665142C41926500A66403 /* Release */,
			);
			defaultConfigurationIsVisible = 0;
			defaultConfigurationName = Release;
		};
		563665152C41926500A66403 /* Build configuration list for PBXNativeTarget "AppSwiftUICroppedScanningUITests" */ = {
			isa = XCConfigurationList;
			buildConfigurations = (
				563665162C41926500A66403 /* Debug */,
				563665172C41926500A66403 /* Release */,
			);
			defaultConfigurationIsVisible = 0;
			defaultConfigurationName = Release;
		};
/* End XCConfigurationList section */
	};
	rootObject = 563664E32C41926000A66403 /* Project object */;
}
